
Microsoft Visual Studio Solution File, Format Version 12.00
# Visual Studio Version 16
VisualStudioVersion = 16.0.30907.101
MinimumVisualStudioVersion = 10.0.40219.1
Project("{FAE04EC0-301F-11D3-BF4B-00C04F79EFBC}") = "NotepadTM7", "NotepadTM7\NotepadTM7.csproj", "{8525E45F-2BA1-4491-BBFA-24790E3ED563}"
EndProject
Project("{54435603-DBB4-11D2-8724-00A0C9A8B90C}") = "NotepadSetup", "NotepadSetup\NotepadSetup.vdproj", "{681D92B9-A911-4352-BF13-FB8DB413958D}"
EndProject
Global
	GlobalSection(SolutionConfigurationPlatforms) = preSolution
		Debug|Any CPU = Debug|Any CPU
		Release|Any CPU = Release|Any CPU
	EndGlobalSection
	GlobalSection(ProjectConfigurationPlatforms) = postSolution
		{8525E45F-2BA1-4491-BBFA-24790E3ED563}.Debug|Any CPU.ActiveCfg = Debug|Any CPU
		{8525E45F-2BA1-4491-BBFA-24790E3ED563}.Debug|Any CPU.Build.0 = Debug|Any CPU
		{8525E45F-2BA1-4491-BBFA-24790E3ED563}.Release|Any CPU.ActiveCfg = Release|Any CPU
		{8525E45F-2BA1-4491-BBFA-24790E3ED563}.Release|Any CPU.Build.0 = Release|Any CPU
		{681D92B9-A911-4352-BF13-FB8DB413958D}.Debug|Any CPU.ActiveCfg = Debug
		{681D92B9-A911-4352-BF13-FB8DB413958D}.Release|Any CPU.ActiveCfg = Release
	EndGlobalSection
	GlobalSection(SolutionProperties) = preSolution
		HideSolutionNode = FALSE
	EndGlobalSection
	GlobalSection(ExtensibilityGlobals) = postSolution
		SolutionGuid = {20665B79-D9D8-4E5B-B377-226E37B3CBA4}
	EndGlobalSection
EndGlobal
